// !$*UTF8*$!
{
	archiveVersion = 1;
	classes = {
	};
	objectVersion = 50;
	objects = {

/* Begin PBXBuildFile section */
		8A9CF78826A62E6D004D942D /* AppDelegate.swift in Sources */ = {isa = PBXBuildFile; fileRef = 8A9CF78726A62E6D004D942D /* AppDelegate.swift */; };
		8A9CF78A26A62E6D004D942D /* SceneDelegate.swift in Sources */ = {isa = PBXBuildFile; fileRef = 8A9CF78926A62E6D004D942D /* SceneDelegate.swift */; };
		8A9CF78C26A62E6D004D942D /* PinkViewController.swift in Sources */ = {isa = PBXBuildFile; fileRef = 8A9CF78B26A62E6D004D942D /* PinkViewController.swift */; };
		8A9CF78F26A62E6D004D942D /* Main.storyboard in Resources */ = {isa = PBXBuildFile; fileRef = 8A9CF78D26A62E6D004D942D /* Main.storyboard */; };
		8A9CF79126A62E71004D942D /* Assets.xcassets in Resources */ = {isa = PBXBuildFile; fileRef = 8A9CF79026A62E71004D942D /* Assets.xcassets */; };
		8A9CF79426A62E71004D942D /* LaunchScreen.storyboard in Resources */ = {isa = PBXBuildFile; fileRef = 8A9CF79226A62E71004D942D /* LaunchScreen.storyboard */; };
		8A9CF79D26A62F83004D942D /* GreenViewController.swift in Sources */ = {isa = PBXBuildFile; fileRef = 8A9CF79C26A62F83004D942D /* GreenViewController.swift */; };
/* End PBXBuildFile section */

/* Begin PBXFileReference section */
		8A9CF78426A62E6D004D942D /* chyamadaKadai7.app */ = {isa = PBXFileReference; explicitFileType = wrapper.application; includeInIndex = 0; path = chyamadaKadai7.app; sourceTree = BUILT_PRODUCTS_DIR; };
		8A9CF78726A62E6D004D942D /* AppDelegate.swift */ = {isa = PBXFileReference; lastKnownFileType = sourcecode.swift; path = AppDelegate.swift; sourceTree = "<group>"; };
		8A9CF78926A62E6D004D942D /* SceneDelegate.swift */ = {isa = PBXFileReference; lastKnownFileType = sourcecode.swift; path = SceneDelegate.swift; sourceTree = "<group>"; };
		8A9CF78B26A62E6D004D942D /* PinkViewController.swift */ = {isa = PBXFileReference; lastKnownFileType = sourcecode.swift; path = PinkViewController.swift; sourceTree = "<group>"; };
		8A9CF78E26A62E6D004D942D /* Base */ = {isa = PBXFileReference; lastKnownFileType = file.storyboard; name = Base; path = Base.lproj/Main.storyboard; sourceTree = "<group>"; };
		8A9CF79026A62E71004D942D /* Assets.xcassets */ = {isa = PBXFileReference; lastKnownFileType = folder.assetcatalog; path = Assets.xcassets; sourceTree = "<group>"; };
		8A9CF79326A62E71004D942D /* Base */ = {isa = PBXFileReference; lastKnownFileType = file.storyboard; name = Base; path = Base.lproj/LaunchScreen.storyboard; sourceTree = "<group>"; };
		8A9CF79526A62E71004D942D /* Info.plist */ = {isa = PBXFileReference; lastKnownFileType = text.plist.xml; path = Info.plist; sourceTree = "<group>"; };
		8A9CF79C26A62F83004D942D /* GreenViewController.swift */ = {isa = PBXFileReference; lastKnownFileType = sourcecode.swift; path = GreenViewController.swift; sourceTree = "<group>"; };
/* End PBXFileReference section */

/* Begin PBXFrameworksBuildPhase section */
		8A9CF78126A62E6D004D942D /* Frameworks */ = {
			isa = PBXFrameworksBuildPhase;
			buildActionMask = 2147483647;
			files = (
			);
			runOnlyForDeploymentPostprocessing = 0;
		};
/* End PBXFrameworksBuildPhase section */

/* Begin PBXGroup section */
		8A9CF77B26A62E6D004D942D = {
			isa = PBXGroup;
			children = (
				8A9CF78626A62E6D004D942D /* chyamadaKadai7 */,
				8A9CF78526A62E6D004D942D /* Products */,
			);
			sourceTree = "<group>";
		};
		8A9CF78526A62E6D004D942D /* Products */ = {
			isa = PBXGroup;
			children = (
				8A9CF78426A62E6D004D942D /* chyamadaKadai7.app */,
			);
			name = Products;
			sourceTree = "<group>";
		};
		8A9CF78626A62E6D004D942D /* chyamadaKadai7 */ = {
			isa = PBXGroup;
			children = (
				8A9CF7A126A842F5004D942D /* Extention */,
				8A9CF78726A62E6D004D942D /* AppDelegate.swift */,
				8A9CF78926A62E6D004D942D /* SceneDelegate.swift */,
				8A9CF78B26A62E6D004D942D /* PinkViewController.swift */,
				8A9CF79C26A62F83004D942D /* GreenViewController.swift */,
				8A9CF78D26A62E6D004D942D /* Main.storyboard */,
				8A9CF79026A62E71004D942D /* Assets.xcassets */,
				8A9CF79226A62E71004D942D /* LaunchScreen.storyboard */,
				8A9CF79526A62E71004D942D /* Info.plist */,
			);
			path = chyamadaKadai7;
			sourceTree = "<group>";
		};
		8A9CF7A126A842F5004D942D /* Extention */ = {
			isa = PBXGroup;
			children = (
			);
			path = Extention;
			sourceTree = "<group>";
		};
/* End PBXGroup section */

/* Begin PBXNativeTarget section */
		8A9CF78326A62E6D004D942D /* chyamadaKadai7 */ = {
			isa = PBXNativeTarget;
			buildConfigurationList = 8A9CF79826A62E71004D942D /* Build configuration list for PBXNativeTarget "chyamadaKadai7" */;
			buildPhases = (
				8A9CF78026A62E6D004D942D /* Sources */,
				8A9CF78126A62E6D004D942D /* Frameworks */,
				8A9CF78226A62E6D004D942D /* Resources */,
			);
			buildRules = (
			);
			dependencies = (
			);
			name = chyamadaKadai7;
			productName = chyamadaKadai7;
			productReference = 8A9CF78426A62E6D004D942D /* chyamadaKadai7.app */;
			productType = "com.apple.product-type.application";
		};
/* End PBXNativeTarget section */

/* Begin PBXProject section */
		8A9CF77C26A62E6D004D942D /* Project object */ = {
			isa = PBXProject;
			attributes = {
				LastSwiftUpdateCheck = 1240;
				LastUpgradeCheck = 1240;
				TargetAttributes = {
					8A9CF78326A62E6D004D942D = {
						CreatedOnToolsVersion = 12.4;
					};
				};
			};
			buildConfigurationList = 8A9CF77F26A62E6D004D942D /* Build configuration list for PBXProject "chyamadaKadai7" */;
			compatibilityVersion = "Xcode 9.3";
			developmentRegion = en;
			hasScannedForEncodings = 0;
			knownRegions = (
				en,
				Base,
			);
			mainGroup = 8A9CF77B26A62E6D004D942D;
			productRefGroup = 8A9CF78526A62E6D004D942D /* Products */;
			projectDirPath = "";
			projectRoot = "";
			targets = (
				8A9CF78326A62E6D004D942D /* chyamadaKadai7 */,
			);
		};
/* End PBXProject section */

/* Begin PBXResourcesBuildPhase section */
		8A9CF78226A62E6D004D942D /* Resources */ = {
			isa = PBXResourcesBuildPhase;
			buildActionMask = 2147483647;
			files = (
				8A9CF79426A62E71004D942D /* LaunchScreen.storyboard in Resources */,
				8A9CF79126A62E71004D942D /* Assets.xcassets in Resources */,
				8A9CF78F26A62E6D004D942D /* Main.storyboard in Resources */,
			);
			runOnlyForDeploymentPostprocessing = 0;
		};
/* End PBXResourcesBuildPhase section */

/* Begin PBXSourcesBuildPhase section */
		8A9CF78026A62E6D004D942D /* Sources */ = {
			isa = PBXSourcesBuildPhase;
			buildActionMask = 2147483647;
			files = (
				8A9CF79D26A62F83004D942D /* GreenViewController.swift in Sources */,
				8A9CF78C26A62E6D004D942D /* PinkViewController.swift in Sources */,
				8A9CF78826A62E6D004D942D /* AppDelegate.swift in Sources */,
				8A9CF78A26A62E6D004D942D /* SceneDelegate.swift in Sources */,
			);
			runOnlyForDeploymentPostprocessing = 0;
		};
/* End PBXSourcesBuildPhase section */

/* Begin PBXVariantGroup section */
		8A9CF78D26A62E6D004D942D /* Main.storyboard */ = {
			isa = PBXVariantGroup;
			children = (
				8A9CF78E26A62E6D004D942D /* Base */,
			);
			name = Main.storyboard;
			sourceTree = "<group>";
		};
		8A9CF79226A62E71004D942D /* LaunchScreen.storyboard */ = {
			isa = PBXVariantGroup;
			children = (
				8A9CF79326A62E71004D942D /* Base */,
			);
			name = LaunchScreen.storyboard;
			sourceTree = "<group>";
		};
/* End PBXVariantGroup section */

/* Begin XCBuildConfiguration section */
		8A9CF79626A62E71004D942D /* Debug */ = {
			isa = XCBuildConfiguration;
			buildSettings = {
				ALWAYS_SEARCH_USER_PATHS = NO;
				CLANG_ANALYZER_NONNULL = YES;
				CLANG_ANALYZER_NUMBER_OBJECT_CONVERSION = YES_AGGRESSIVE;
				CLANG_CXX_LANGUAGE_STANDARD = "gnu++14";
				CLANG_CXX_LIBRARY = "libc++";
				CLANG_ENABLE_MODULES = YES;
				CLANG_ENABLE_OBJC_ARC = YES;
				CLANG_ENABLE_OBJC_WEAK = YES;
				CLANG_WARN_BLOCK_CAPTURE_AUTORELEASING = YES;
				CLANG_WARN_BOOL_CONVERSION = YES;
				CLANG_WARN_COMMA = YES;
				CLANG_WARN_CONSTANT_CONVERSION = YES;
				CLANG_WARN_DEPRECATED_OBJC_IMPLEMENTATIONS = YES;
				CLANG_WARN_DIRECT_OBJC_ISA_USAGE = YES_ERROR;
				CLANG_WARN_DOCUMENTATION_COMMENTS = YES;
				CLANG_WARN_EMPTY_BODY = YES;
				CLANG_WARN_ENUM_CONVERSION = YES;
				CLANG_WARN_INFINITE_RECURSION = YES;
				CLANG_WARN_INT_CONVERSION = YES;
				CLANG_WARN_NON_LITERAL_NULL_CONVERSION = YES;
				CLANG_WARN_OBJC_IMPLICIT_RETAIN_SELF = YES;
				CLANG_WARN_OBJC_LITERAL_CONVERSION = YES;
				CLANG_WARN_OBJC_ROOT_CLASS = YES_ERROR;
				CLANG_WARN_QUOTED_INCLUDE_IN_FRAMEWORK_HEADER = YES;
				CLANG_WARN_RANGE_LOOP_ANALYSIS = YES;
				CLANG_WARN_STRICT_PROTOTYPES = YES;
				CLANG_WARN_SUSPICIOUS_MOVE = YES;
				CLANG_WARN_UNGUARDED_AVAILABILITY = YES_AGGRESSIVE;
				CLANG_WARN_UNREACHABLE_CODE = YES;
				CLANG_WARN__DUPLICATE_METHOD_MATCH = YES;
				COPY_PHASE_STRIP = NO;
				DEBUG_INFORMATION_FORMAT = dwarf;
				ENABLE_STRICT_OBJC_MSGSEND = YES;
				ENABLE_TESTABILITY = YES;
				GCC_C_LANGUAGE_STANDARD = gnu11;
				GCC_DYNAMIC_NO_PIC = NO;
				GCC_NO_COMMON_BLOCKS = YES;
				GCC_OPTIMIZATION_LEVEL = 0;
				GCC_PREPROCESSOR_DEFINITIONS = (
					"DEBUG=1",
					"$(inherited)",
				);
				GCC_WARN_64_TO_32_BIT_CONVERSION = YES;
				GCC_WARN_ABOUT_RETURN_TYPE = YES_ERROR;
				GCC_WARN_UNDECLARED_SELECTOR = YES;
				GCC_WARN_UNINITIALIZED_AUTOS = YES_AGGRESSIVE;
				GCC_WARN_UNUSED_FUNCTION = YES;
				GCC_WARN_UNUSED_VARIABLE = YES;
				IPHONEOS_DEPLOYMENT_TARGET = 14.4;
				MTL_ENABLE_DEBUG_INFO = INCLUDE_SOURCE;
				MTL_FAST_MATH = YES;
				ONLY_ACTIVE_ARCH = YES;
				SDKROOT = iphoneos;
				SWIFT_ACTIVE_COMPILATION_CONDITIONS = DEBUG;
				SWIFT_OPTIMIZATION_LEVEL = "-Onone";
			};
			name = Debug;
		};
		8A9CF79726A62E71004D942D /* Release */ = {
			isa = XCBuildConfiguration;
			buildSettings = {
				ALWAYS_SEARCH_USER_PATHS = NO;
				CLANG_ANALYZER_NONNULL = YES;
				CLANG_ANALYZER_NUMBER_OBJECT_CONVERSION = YES_AGGRESSIVE;
				CLANG_CXX_LANGUAGE_STANDARD = "gnu++14";
				CLANG_CXX_LIBRARY = "libc++";
				CLANG_ENABLE_MODULES = YES;
				CLANG_ENABLE_OBJC_ARC = YES;
				CLANG_ENABLE_OBJC_WEAK = YES;
				CLANG_WARN_BLOCK_CAPTURE_AUTORELEASING = YES;
				CLANG_WARN_BOOL_CONVERSION = YES;
				CLANG_WARN_COMMA = YES;
				CLANG_WARN_CONSTANT_CONVERSION = YES;
				CLANG_WARN_DEPRECATED_OBJC_IMPLEMENTATIONS = YES;
				CLANG_WARN_DIRECT_OBJC_ISA_USAGE = YES_ERROR;
				CLANG_WARN_DOCUMENTATION_COMMENTS = YES;
				CLANG_WARN_EMPTY_BODY = YES;
				CLANG_WARN_ENUM_CONVERSION = YES;
				CLANG_WARN_INFINITE_RECURSION = YES;
				CLANG_WARN_INT_CONVERSION = YES;
				CLANG_WARN_NON_LITERAL_NULL_CONVERSION = YES;
				CLANG_WARN_OBJC_IMPLICIT_RETAIN_SELF = YES;
				CLANG_WARN_OBJC_LITERAL_CONVERSION = YES;
				CLANG_WARN_OBJC_ROOT_CLASS = YES_ERROR;
				CLANG_WARN_QUOTED_INCLUDE_IN_FRAMEWORK_HEADER = YES;
				CLANG_WARN_RANGE_LOOP_ANALYSIS = YES;
				CLANG_WARN_STRICT_PROTOTYPES = YES;
				CLANG_WARN_SUSPICIOUS_MOVE = YES;
				CLANG_WARN_UNGUARDED_AVAILABILITY = YES_AGGRESSIVE;
				CLANG_WARN_UNREACHABLE_CODE = YES;
				CLANG_WARN__DUPLICATE_METHOD_MATCH = YES;
				COPY_PHASE_STRIP = NO;
				DEBUG_INFORMATION_FORMAT = "dwarf-with-dsym";
				ENABLE_NS_ASSERTIONS = NO;
				ENABLE_STRICT_OBJC_MSGSEND = YES;
				GCC_C_LANGUAGE_STANDARD = gnu11;
				GCC_NO_COMMON_BLOCKS = YES;
				GCC_WARN_64_TO_32_BIT_CONVERSION = YES;
				GCC_WARN_ABOUT_RETURN_TYPE = YES_ERROR;
				GCC_WARN_UNDECLARED_SELECTOR = YES;
				GCC_WARN_UNINITIALIZED_AUTOS = YES_AGGRESSIVE;
				GCC_WARN_UNUSED_FUNCTION = YES;
				GCC_WARN_UNUSED_VARIABLE = YES;
				IPHONEOS_DEPLOYMENT_TARGET = 14.4;
				MTL_ENABLE_DEBUG_INFO = NO;
				MTL_FAST_MATH = YES;
				SDKROOT = iphoneos;
				SWIFT_COMPILATION_MODE = wholemodule;
				SWIFT_OPTIMIZATION_LEVEL = "-O";
				VALIDATE_PRODUCT = YES;
			};
			name = Release;
		};
		8A9CF79926A62E71004D942D /* Debug */ = {
			isa = XCBuildConfiguration;
			buildSettings = {
				ASSETCATALOG_COMPILER_APPICON_NAME = AppIcon;
				ASSETCATALOG_COMPILER_GLOBAL_ACCENT_COLOR_NAME = AccentColor;
				CODE_SIGN_STYLE = Automatic;
				INFOPLIST_FILE = chyamadaKadai7/Info.plist;
				LD_RUNPATH_SEARCH_PATHS = (
					"$(inherited)",
					"@executable_path/Frameworks",
				);
				PRODUCT_BUNDLE_IDENTIFIER = toaster.chyamadaKadai7;
				PRODUCT_NAME = "$(TARGET_NAME)";
				SWIFT_VERSION = 5.0;
				TARGETED_DEVICE_FAMILY = "1,2";
			};
			name = Debug;
		};
		8A9CF79A26A62E71004D942D /* Release */ = {
			isa = XCBuildConfiguration;
			buildSettings = {
				ASSETCATALOG_COMPILER_APPICON_NAME = AppIcon;
				ASSETCATALOG_COMPILER_GLOBAL_ACCENT_COLOR_NAME = AccentColor;
				CODE_SIGN_STYLE = Automatic;
				INFOPLIST_FILE = chyamadaKadai7/Info.plist;
				LD_RUNPATH_SEARCH_PATHS = (
					"$(inherited)",
					"@executable_path/Frameworks",
				);
				PRODUCT_BUNDLE_IDENTIFIER = toaster.chyamadaKadai7;
				PRODUCT_NAME = "$(TARGET_NAME)";
				SWIFT_VERSION = 5.0;
				TARGETED_DEVICE_FAMILY = "1,2";
			};
			name = Release;
		};
/* End XCBuildConfiguration section */

/* Begin XCConfigurationList section */
		8A9CF77F26A62E6D004D942D /* Build configuration list for PBXProject "chyamadaKadai7" */ = {
			isa = XCConfigurationList;
			buildConfigurations = (
				8A9CF79626A62E71004D942D /* Debug */,
				8A9CF79726A62E71004D942D /* Release */,
			);
			defaultConfigurationIsVisible = 0;
			defaultConfigurationName = Release;
		};
		8A9CF79826A62E71004D942D /* Build configuration list for PBXNativeTarget "chyamadaKadai7" */ = {
			isa = XCConfigurationList;
			buildConfigurations = (
				8A9CF79926A62E71004D942D /* Debug */,
				8A9CF79A26A62E71004D942D /* Release */,
			);
			defaultConfigurationIsVisible = 0;
			defaultConfigurationName = Release;
		};
/* End XCConfigurationList section */
	};
	rootObject = 8A9CF77C26A62E6D004D942D /* Project object */;
}
